{
  "version": 1,
  "dependencies": {
    "net10.0": {
      "Microsoft.Win32.SystemEvents": {
        "type": "Direct",
        "requested": "[10.0.12, )",
        "resolved": "10.0.12",
        "contentHash": "kdj5cqOwgZCMltEhQ4+WVUoFkMHG08EJfy1MDyS9H+FBg66vTTFyX8YcNl8IQh5wRQv79P+iduQgDGY8ucBR+w=="
      },
      "Photino.NET": {
        "type": "Direct",
        "requested": "[4.0.16, )",
        "resolved": "4.0.16",
        "contentHash": "2oTFsxt8XpLlVvtChlBD8HzLw6MgfHF+DQ4aLEDfgc4GbYjumEywB1JMfWDChm2Whfkr4ZF7DV2deRrpitiBcw==",
        "dependencies": {
          "Photino.Native": "4.0.22"
        }
      },
      "System.Drawing.Common": {
        "type": "Direct",
        "requested": "[10.0.12, )",
        "resolved": "10.0.12",
        "contentHash": "FBUxiucg2gsnyItbpGgyXI5u8FYLcqdLKS1XJkHHTj3RK1c6kpsJr/Y9i4edUNF7LqCYFrHqpHEvpt8/lNBe9w==",
        "dependencies": {
          "Microsoft.Win32.SystemEvents": "10.0.12"
        }
      },
      "Microsoft.ML.OnnxRuntime": {
        "type": "Transitive",
        "resolved": "1.28.0",
        "contentHash": "xpguSCrXBe5E1l1088S7UqnI36EHaTL6CJMHEhwfGBoSwyPH5Q/IkbkBBk/GwXWzsVyEXpQm42ZimSAQs0/zKA==",
        "dependencies": {
          "Microsoft.ML.OnnxRuntime.Managed": "1.28.0"
        }
      },
      "Microsoft.ML.OnnxRuntime.Managed": {
        "type": "Transitive",
        "resolved": "1.28.0",
        "contentHash": "4ecKjwASHhAZXczK/xm5KU6MdvoIGfMd23UAwDbM9vfcfgqZgNqvFWPZPT0Elc1wu5vXWs2Kij1ZBmHCcv1UlA==",
        "dependencies": {
          "System.Numerics.Tensors": "9.0.0"
        }
      },
      "Photino.Native": {
        "type": "Transitive",
        "resolved": "4.0.22",
        "contentHash": "VIHipEOe4CZ7HElZE8zTwcvANOsCZ2yak/4nQ4LXzjdlwIjdbY8htmHfNR6rRPgWlCfTfT349GCa6V6Id2/Xyg=="
      },
      "Serilog": {
        "type": "Transitive",
        "resolved": "4.4.0",
        "contentHash": "ZC6Le3rr4TVJJjS4KsQAesxeF1EhW9qcZmmG7eP5Y2G3+gTGkJEUXkq4+tZNPtyp05I0wWOxnIjwtxFweJsObw=="
      },
      "System.Numerics.Tensors": {
        "type": "Transitive",
        "resolved": "9.0.0",
        "contentHash": "hyJB4UlpAi19Xr9AXzu2NuagKC4lPfHObNMEAA0HmqFz2rX7wKgzeYzO/jM/eBHDhnUGFFEjk5cOoJaxqg5J4A=="
      },
      "tript.app": {
        "type": "Project",
        "dependencies": {
          "Serilog": "[4.4.0, )",
          "Tript.Core": "[1.1.0, )",
          "Tript.Detection": "[1.1.0, )",
          "Tript.GameDiscovery": "[1.1.0, )",
          "Tript.Media": "[1.1.0, )",
          "Tript.Obs": "[1.1.0, )",
          "Tript.Recorder": "[1.1.0, )",
          "Tript.Settings": "[1.1.0, )"
        }
      },
      "tript.core": {
        "type": "Project"
      },
      "tript.detection": {
        "type": "Project",
        "dependencies": {
          "Microsoft.ML.OnnxRuntime": "[1.28.0, )",
          "Serilog": "[4.4.0, )",
          "Tript.Core": "[1.1.0, )",
          "Tript.Obs": "[1.1.0, )"
        }
      },
      "tript.gamediscovery": {
        "type": "Project",
        "dependencies": {
          "Tript.Core": "[1.1.0, )"
        }
      },
      "tript.media": {
        "type": "Project",
        "dependencies": {
          "Tript.Core": "[1.1.0, )"
        }
      },
      "tript.obs": {
        "type": "Project",
        "dependencies": {
          "Tript.Core": "[1.1.0, )"
        }
      },
      "tript.recorder": {
        "type": "Project",
        "dependencies": {
          "Tript.Core": "[1.1.0, )",
          "Tript.Detection": "[1.1.0, )",
          "Tript.Obs": "[1.1.0, )",
          "Tript.Settings": "[1.1.0, )"
        }
      },
      "tript.settings": {
        "type": "Project",
        "dependencies": {
          "Tript.Core": "[1.1.0, )"
        }
      }
    },
    "net10.0/linux-x64": {
      "Microsoft.Win32.SystemEvents": {
        "type": "Direct",
        "requested": "[10.0.12, )",
        "resolved": "10.0.12",
        "contentHash": "kdj5cqOwgZCMltEhQ4+WVUoFkMHG08EJfy1MDyS9H+FBg66vTTFyX8YcNl8IQh5wRQv79P+iduQgDGY8ucBR+w=="
      },
      "Microsoft.ML.OnnxRuntime": {
        "type": "Transitive",
        "resolved": "1.28.0",
        "contentHash": "xpguSCrXBe5E1l1088S7UqnI36EHaTL6CJMHEhwfGBoSwyPH5Q/IkbkBBk/GwXWzsVyEXpQm42ZimSAQs0/zKA==",
        "dependencies": {
          "Microsoft.ML.OnnxRuntime.Managed": "1.28.0"
        }
      },
      "Photino.Native": {
        "type": "Transitive",
        "resolved": "4.0.22",
        "contentHash": "VIHipEOe4CZ7HElZE8zTwcvANOsCZ2yak/4nQ4LXzjdlwIjdbY8htmHfNR6rRPgWlCfTfT349GCa6V6Id2/Xyg=="
      }
    },
    "net10.0/win-x64": {
      "Microsoft.Win32.SystemEvents": {
        "type": "Direct",
        "requested": "[10.0.12, )",
        "resolved": "10.0.12",
        "contentHash": "kdj5cqOwgZCMltEhQ4+WVUoFkMHG08EJfy1MDyS9H+FBg66vTTFyX8YcNl8IQh5wRQv79P+iduQgDGY8ucBR+w=="
      },
      "Microsoft.ML.OnnxRuntime": {
        "type": "Transitive",
        "resolved": "1.28.0",
        "contentHash": "xpguSCrXBe5E1l1088S7UqnI36EHaTL6CJMHEhwfGBoSwyPH5Q/IkbkBBk/GwXWzsVyEXpQm42ZimSAQs0/zKA==",
        "dependencies": {
          "Microsoft.ML.OnnxRuntime.Managed": "1.28.0"
        }
      },
      "Photino.Native": {
        "type": "Transitive",
        "resolved": "4.0.22",
        "contentHash": "VIHipEOe4CZ7HElZE8zTwcvANOsCZ2yak/4nQ4LXzjdlwIjdbY8htmHfNR6rRPgWlCfTfT349GCa6V6Id2/Xyg=="
      }
    },
    "net10.0-windows10.0.19041": {
      "Microsoft.Toolkit.Uwp.Notifications": {
        "type": "Direct",
        "requested": "[7.1.3, )",
        "resolved": "7.1.3",
        "contentHash": "A1dglAzb24gjehmb7DwGd07mfyZ1gacAK7ObE0KwDlRc3mayH2QW7cSOy3TkkyELjLg19OQBuhPOj4SpXET9lg==",
        "dependencies": {
          "System.Drawing.Common": "4.7.0"
        }
      },
      "Microsoft.Win32.SystemEvents": {
        "type": "Direct",
        "requested": "[10.0.12, )",
        "resolved": "10.0.12",
        "contentHash": "kdj5cqOwgZCMltEhQ4+WVUoFkMHG08EJfy1MDyS9H+FBg66vTTFyX8YcNl8IQh5wRQv79P+iduQgDGY8ucBR+w=="
      },
      "Photino.NET": {
        "type": "Direct",
        "requested": "[4.0.16, )",
        "resolved": "4.0.16",
        "contentHash": "2oTFsxt8XpLlVvtChlBD8HzLw6MgfHF+DQ4aLEDfgc4GbYjumEywB1JMfWDChm2Whfkr4ZF7DV2deRrpitiBcw==",
        "dependencies": {
          "Photino.Native": "4.0.22"
        }
      },
      "System.Drawing.Common": {
        "type": "Direct",
        "requested": "[10.0.12, )",
        "resolved": "10.0.12",
        "contentHash": "FBUxiucg2gsnyItbpGgyXI5u8FYLcqdLKS1XJkHHTj3RK1c6kpsJr/Y9i4edUNF7LqCYFrHqpHEvpt8/lNBe9w==",
        "dependencies": {
          "Microsoft.Win32.SystemEvents": "10.0.12"
        }
      },
      "Microsoft.ML.OnnxRuntime": {
        "type": "Transitive",
        "resolved": "1.28.0",
        "contentHash": "xpguSCrXBe5E1l1088S7UqnI36EHaTL6CJMHEhwfGBoSwyPH5Q/IkbkBBk/GwXWzsVyEXpQm42ZimSAQs0/zKA==",
        "dependencies": {
          "Microsoft.ML.OnnxRuntime.Managed": "1.28.0"
        }
      },
      "Microsoft.ML.OnnxRuntime.Managed": {
        "type": "Transitive",
        "resolved": "1.28.0",
        "contentHash": "4ecKjwASHhAZXczK/xm5KU6MdvoIGfMd23UAwDbM9vfcfgqZgNqvFWPZPT0Elc1wu5vXWs2Kij1ZBmHCcv1UlA==",
        "dependencies": {
          "System.Numerics.Tensors": "9.0.0"
        }
      },
      "Photino.Native": {
        "type": "Transitive",
        "resolved": "4.0.22",
        "contentHash": "VIHipEOe4CZ7HElZE8zTwcvANOsCZ2yak/4nQ4LXzjdlwIjdbY8htmHfNR6rRPgWlCfTfT349GCa6V6Id2/Xyg=="
      },
      "Serilog": {
        "type": "Transitive",
        "resolved": "4.4.0",
        "contentHash": "ZC6Le3rr4TVJJjS4KsQAesxeF1EhW9qcZmmG7eP5Y2G3+gTGkJEUXkq4+tZNPtyp05I0wWOxnIjwtxFweJsObw=="
      },
      "System.Numerics.Tensors": {
        "type": "Transitive",
        "resolved": "9.0.0",
        "contentHash": "hyJB4UlpAi19Xr9AXzu2NuagKC4lPfHObNMEAA0HmqFz2rX7wKgzeYzO/jM/eBHDhnUGFFEjk5cOoJaxqg5J4A=="
      },
      "tript.app": {
        "type": "Project",
        "dependencies": {
          "Serilog": "[4.4.0, )",
          "Tript.Core": "[1.1.0, )",
          "Tript.Detection": "[1.1.0, )",
          "Tript.GameDiscovery": "[1.1.0, )",
          "Tript.Media": "[1.1.0, )",
          "Tript.Obs": "[1.1.0, )",
          "Tript.Recorder": "[1.1.0, )",
          "Tript.Settings": "[1.1.0, )"
        }
      },
      "tript.core": {
        "type": "Project"
      },
      "tript.detection": {
        "type": "Project",
        "dependencies": {
          "Microsoft.ML.OnnxRuntime": "[1.28.0, )",
          "Serilog": "[4.4.0, )",
          "Tript.Core": "[1.1.0, )",
          "Tript.Obs": "[1.1.0, )"
        }
      },
      "tript.gamediscovery": {
        "type": "Project",
        "dependencies": {
          "Tript.Core": "[1.1.0, )"
        }
      },
      "tript.media": {
        "type": "Project",
        "dependencies": {
          "Tript.Core": "[1.1.0, )"
        }
      },
      "tript.obs": {
        "type": "Project",
        "dependencies": {
          "Tript.Core": "[1.1.0, )"
        }
      },
      "tript.recorder": {
        "type": "Project",
        "dependencies": {
          "Tript.Core": "[1.1.0, )",
          "Tript.Detection": "[1.1.0, )",
          "Tript.Obs": "[1.1.0, )",
          "Tript.Settings": "[1.1.0, )"
        }
      },
      "tript.settings": {
        "type": "Project",
        "dependencies": {
          "Tript.Core": "[1.1.0, )"
        }
      }
    },
    "net10.0-windows10.0.19041/linux-x64": {
      "Microsoft.Win32.SystemEvents": {
        "type": "Direct",
        "requested": "[10.0.12, )",
        "resolved": "10.0.12",
        "contentHash": "kdj5cqOwgZCMltEhQ4+WVUoFkMHG08EJfy1MDyS9H+FBg66vTTFyX8YcNl8IQh5wRQv79P+iduQgDGY8ucBR+w=="
      },
      "Microsoft.ML.OnnxRuntime": {
        "type": "Transitive",
        "resolved": "1.28.0",
        "contentHash": "xpguSCrXBe5E1l1088S7UqnI36EHaTL6CJMHEhwfGBoSwyPH5Q/IkbkBBk/GwXWzsVyEXpQm42ZimSAQs0/zKA==",
        "dependencies": {
          "Microsoft.ML.OnnxRuntime.Managed": "1.28.0"
        }
      },
      "Photino.Native": {
        "type": "Transitive",
        "resolved": "4.0.22",
        "contentHash": "VIHipEOe4CZ7HElZE8zTwcvANOsCZ2yak/4nQ4LXzjdlwIjdbY8htmHfNR6rRPgWlCfTfT349GCa6V6Id2/Xyg=="
      }
    },
    "net10.0-windows10.0.19041/win-x64": {
      "Microsoft.Win32.SystemEvents": {
        "type": "Direct",
        "requested": "[10.0.12, )",
        "resolved": "10.0.12",
        "contentHash": "kdj5cqOwgZCMltEhQ4+WVUoFkMHG08EJfy1MDyS9H+FBg66vTTFyX8YcNl8IQh5wRQv79P+iduQgDGY8ucBR+w=="
      },
      "Microsoft.ML.OnnxRuntime": {
        "type": "Transitive",
        "resolved": "1.28.0",
        "contentHash": "xpguSCrXBe5E1l1088S7UqnI36EHaTL6CJMHEhwfGBoSwyPH5Q/IkbkBBk/GwXWzsVyEXpQm42ZimSAQs0/zKA==",
        "dependencies": {
          "Microsoft.ML.OnnxRuntime.Managed": "1.28.0"
        }
      },
      "Photino.Native": {
        "type": "Transitive",
        "resolved": "4.0.22",
        "contentHash": "VIHipEOe4CZ7HElZE8zTwcvANOsCZ2yak/4nQ4LXzjdlwIjdbY8htmHfNR6rRPgWlCfTfT349GCa6V6Id2/Xyg=="
      }
    }
  }
}